<?xml version="1.0" encoding="utf-8"?>
<Project ToolsVersion="4.0" xmlns="http://schemas.microsoft.com/developer/msbuild/2003">
  <ItemGroup>
    <Filter Include="Classes">
      <UniqueIdentifier>{fc5cb953-2953-4968-83b3-39e3ff951754}</UniqueIdentifier>
    </Filter>
    <Filter Include="win32">
      <UniqueIdentifier>{037a9a02-b906-4cc5-ad98-304acd4e25ee}</UniqueIdentifier>
    </Filter>
    <Filter Include="resource">
      <UniqueIdentifier>{2d1d0979-58cd-4ab6-b91c-13650158f1fa}</UniqueIdentifier>
    </Filter>
    <Filter Include="Classes\gafPlayer">
      <UniqueIdentifier>{98e351a7-2910-4371-850f-0e417561dfcf}</UniqueIdentifier>
    </Filter>
    <Filter Include="Classes\gafPlayer\Shaders">
      <UniqueIdentifier>{b5374d85-aa24-4284-bef8-ccbd9e45332b}</UniqueIdentifier>
    </Filter>
    <Filter Include="Classes\gafPlayer\ShadersPrecompiled">
      <UniqueIdentifier>{8a3cc830-832b-4c55-984d-f8039e9ccab8}</UniqueIdentifier>
    </Filter>
    <Filter Include="Classes\gafPlayer\luaBindings">
      <UniqueIdentifier>{44c2d592-e192-47f1-8e28-562dba9ac061}</UniqueIdentifier>
    </Filter>
    <Filter Include="Classes\gafPlayer\luaBindings\api">
      <UniqueIdentifier>{afe12720-8ac8-4dac-9cce-74649fdfbd9d}</UniqueIdentifier>
    </Filter>
  </ItemGroup>
  <ItemGroup>
    <ClInclude Include="..\Classes\AppDelegate.h">
      <Filter>Classes</Filter>
    </ClInclude>
    <ClInclude Include="main.h">
      <Filter>win32</Filter>
    </ClInclude>
    <ClInclude Include="resource.h" />
    <ClInclude Include="SimulatorWin.h" />
    <ClInclude Include="stdafx.h">
      <Filter>win32</Filter>
    </ClInclude>
    <ClInclude Include="targetver.h">
      <Filter>win32</Filter>
    </ClInclude>
    <ClInclude Include="..\Classes\ide-support\CodeIDESupport.h">
      <Filter>Classes</Filter>
    </ClInclude>
    <ClInclude Include="..\Classes\ide-support\lua_debugger.h">
      <Filter>Classes</Filter>
    </ClInclude>
    <ClInclude Include="..\Classes\ide-support\RuntimeLuaImpl.h">
      <Filter>Classes</Filter>
    </ClInclude>
    <ClInclude Include="..\Classes\gafPlayer\TagDefineTextField.h">
      <Filter>Classes\gafPlayer</Filter>
    </ClInclude>
    <ClInclude Include="..\Classes\gafPlayer\TagDefineTimeline.h">
      <Filter>Classes\gafPlayer</Filter>
    </ClInclude>
    <ClInclude Include="..\Classes\gafPlayer\DefinitionTagBase.h">
      <Filter>Classes\gafPlayer</Filter>
    </ClInclude>
    <ClInclude Include="..\Classes\gafPlayer\GAF.h">
      <Filter>Classes\gafPlayer</Filter>
    </ClInclude>
    <ClInclude Include="..\Classes\gafPlayer\GAF_JS.h">
      <Filter>Classes\gafPlayer</Filter>
    </ClInclude>
    <ClInclude Include="..\Classes\gafPlayer\GAF_LUA.h">
      <Filter>Classes\gafPlayer</Filter>
    </ClInclude>
    <ClInclude Include="..\Classes\gafPlayer\GAFAnimationFrame.h">
      <Filter>Classes\gafPlayer</Filter>
    </ClInclude>
    <ClInclude Include="..\Classes\gafPlayer\GAFAnimationSequence.h">
      <Filter>Classes\gafPlayer</Filter>
    </ClInclude>
    <ClInclude Include="..\Classes\gafPlayer\GAFAsset.h">
      <Filter>Classes\gafPlayer</Filter>
    </ClInclude>
    <ClInclude Include="..\Classes\gafPlayer\GAFAssetTextureManager.h">
      <Filter>Classes\gafPlayer</Filter>
    </ClInclude>
    <ClInclude Include="..\Classes\gafPlayer\GAFCachedTexture.h">
      <Filter>Classes\gafPlayer</Filter>
    </ClInclude>
    <ClInclude Include="..\Classes\gafPlayer\GAFCollections.h">
      <Filter>Classes\gafPlayer</Filter>
    </ClInclude>
    <ClInclude Include="..\Classes\gafPlayer\GAFDelegates.h">
      <Filter>Classes\gafPlayer</Filter>
    </ClInclude>
    <ClInclude Include="..\Classes\gafPlayer\GAFFile.h">
      <Filter>Classes\gafPlayer</Filter>
    </ClInclude>
    <ClInclude Include="..\Classes\gafPlayer\GAFFilterData.h">
      <Filter>Classes\gafPlayer</Filter>
    </ClInclude>
    <ClInclude Include="..\Classes\gafPlayer\GAFFilterManager.h">
      <Filter>Classes\gafPlayer</Filter>
    </ClInclude>
    <ClInclude Include="..\Classes\gafPlayer\GAFHeader.h">
      <Filter>Classes\gafPlayer</Filter>
    </ClInclude>
    <ClInclude Include="..\Classes\gafPlayer\GAFLoader.h">
      <Filter>Classes\gafPlayer</Filter>
    </ClInclude>
    <ClInclude Include="..\Classes\gafPlayer\GAFMacros.h">
      <Filter>Classes\gafPlayer</Filter>
    </ClInclude>
    <ClInclude Include="..\Classes\gafPlayer\GAFMask.h">
      <Filter>Classes\gafPlayer</Filter>
    </ClInclude>
    <ClInclude Include="..\Classes\gafPlayer\GAFMovieClip.h">
      <Filter>Classes\gafPlayer</Filter>
    </ClInclude>
    <ClInclude Include="..\Classes\gafPlayer\GAFObject.h">
      <Filter>Classes\gafPlayer</Filter>
    </ClInclude>
    <ClInclude Include="..\Classes\gafPlayer\GAFPrecompiled.h">
      <Filter>Classes\gafPlayer</Filter>
    </ClInclude>
    <ClInclude Include="..\Classes\gafPlayer\GAFQuadCommand.h">
      <Filter>Classes\gafPlayer</Filter>
    </ClInclude>
    <ClInclude Include="..\Classes\gafPlayer\GAFResourcesInfo.h">
      <Filter>Classes\gafPlayer</Filter>
    </ClInclude>
    <ClInclude Include="..\Classes\gafPlayer\GAFShaderManager.h">
      <Filter>Classes\gafPlayer</Filter>
    </ClInclude>
    <ClInclude Include="..\Classes\gafPlayer\GAFSoundInfo.h">
      <Filter>Classes\gafPlayer</Filter>
    </ClInclude>
    <ClInclude Include="..\Classes\gafPlayer\GAFSprite.h">
      <Filter>Classes\gafPlayer</Filter>
    </ClInclude>
    <ClInclude Include="..\Classes\gafPlayer\GAFStream.h">
      <Filter>Classes\gafPlayer</Filter>
    </ClInclude>
    <ClInclude Include="..\Classes\gafPlayer\GAFSubobjectState.h">
      <Filter>Classes\gafPlayer</Filter>
    </ClInclude>
    <ClInclude Include="..\Classes\gafPlayer\GAFTextData.h">
      <Filter>Classes\gafPlayer</Filter>
    </ClInclude>
    <ClInclude Include="..\Classes\gafPlayer\GAFTextField.h">
      <Filter>Classes\gafPlayer</Filter>
    </ClInclude>
    <ClInclude Include="..\Classes\gafPlayer\GAFTextureAtlas.h">
      <Filter>Classes\gafPlayer</Filter>
    </ClInclude>
    <ClInclude Include="..\Classes\gafPlayer\GAFTextureAtlasElement.h">
      <Filter>Classes\gafPlayer</Filter>
    </ClInclude>
    <ClInclude Include="..\Classes\gafPlayer\GAFTimeline.h">
      <Filter>Classes\gafPlayer</Filter>
    </ClInclude>
    <ClInclude Include="..\Classes\gafPlayer\GAFTimelineAction.h">
      <Filter>Classes\gafPlayer</Filter>
    </ClInclude>
    <ClInclude Include="..\Classes\gafPlayer\PrimitiveDeserializer.h">
      <Filter>Classes\gafPlayer</Filter>
    </ClInclude>
    <ClInclude Include="..\Classes\gafPlayer\TagDefineAnimationFrames.h">
      <Filter>Classes\gafPlayer</Filter>
    </ClInclude>
    <ClInclude Include="..\Classes\gafPlayer\TagDefineAnimationFrames2.h">
      <Filter>Classes\gafPlayer</Filter>
    </ClInclude>
    <ClInclude Include="..\Classes\gafPlayer\TagDefineAnimationMasks.h">
      <Filter>Classes\gafPlayer</Filter>
    </ClInclude>
    <ClInclude Include="..\Classes\gafPlayer\TagDefineAnimationObjects.h">
      <Filter>Classes\gafPlayer</Filter>
    </ClInclude>
    <ClInclude Include="..\Classes\gafPlayer\TagDefineAtlas.h">
      <Filter>Classes\gafPlayer</Filter>
    </ClInclude>
    <ClInclude Include="..\Classes\gafPlayer\TagDefineAtlas3.h">
      <Filter>Classes\gafPlayer</Filter>
    </ClInclude>
    <ClInclude Include="..\Classes\gafPlayer\TagDefineNamedParts.h">
      <Filter>Classes\gafPlayer</Filter>
    </ClInclude>
    <ClInclude Include="..\Classes\gafPlayer\TagDefines.h">
      <Filter>Classes\gafPlayer</Filter>
    </ClInclude>
    <ClInclude Include="..\Classes\gafPlayer\TagDefineSequences.h">
      <Filter>Classes\gafPlayer</Filter>
    </ClInclude>
    <ClInclude Include="..\Classes\gafPlayer\TagDefineSounds.h">
      <Filter>Classes\gafPlayer</Filter>
    </ClInclude>
    <ClInclude Include="..\Classes\gafPlayer\TagDefineStage.h">
      <Filter>Classes\gafPlayer</Filter>
    </ClInclude>
    <ClInclude Include="..\Classes\gafPlayer\ShadersPrecompiled\GAFPrecompiledShaders.h">
      <Filter>Classes\gafPlayer\ShadersPrecompiled</Filter>
    </ClInclude>
    <ClInclude Include="..\Classes\gafPlayer\luaBindings\lua_gaf.hpp">
      <Filter>Classes\gafPlayer\luaBindings</Filter>
    </ClInclude>
    <ClInclude Include="..\Classes\gafPlayer\luaBindings\lua_gaf_main.hpp">
      <Filter>Classes\gafPlayer\luaBindings</Filter>
    </ClInclude>
  </ItemGroup>
  <ItemGroup>
    <ClCompile Include="..\Classes\AppDelegate.cpp">
      <Filter>Classes</Filter>
    </ClCompile>
    <ClCompile Include="main.cpp">
      <Filter>win32</Filter>
    </ClCompile>
    <ClCompile Include="SimulatorWin.cpp" />
    <ClCompile Include="stdafx.cpp">
      <Filter>win32</Filter>
    </ClCompile>
    <ClCompile Include="..\Classes\ide-support\lua_debugger.c">
      <Filter>Classes</Filter>
    </ClCompile>
    <ClCompile Include="..\Classes\ide-support\RuntimeLuaImpl.cpp">
      <Filter>Classes</Filter>
    </ClCompile>
    <ClCompile Include="..\Classes\gafPlayer\TagDefineTimeline.cpp">
      <Filter>Classes\gafPlayer</Filter>
    </ClCompile>
    <ClCompile Include="..\Classes\gafPlayer\GAFAnimationFrame.cpp">
      <Filter>Classes\gafPlayer</Filter>
    </ClCompile>
    <ClCompile Include="..\Classes\gafPlayer\GAFAnimationSequence.cpp">
      <Filter>Classes\gafPlayer</Filter>
    </ClCompile>
    <ClCompile Include="..\Classes\gafPlayer\GAFAsset.cpp">
      <Filter>Classes\gafPlayer</Filter>
    </ClCompile>
    <ClCompile Include="..\Classes\gafPlayer\GAFAssetTextureManager.cpp">
      <Filter>Classes\gafPlayer</Filter>
    </ClCompile>
    <ClCompile Include="..\Classes\gafPlayer\GAFCachedTexture.cpp">
      <Filter>Classes\gafPlayer</Filter>
    </ClCompile>
    <ClCompile Include="..\Classes\gafPlayer\GAFFile.cpp">
      <Filter>Classes\gafPlayer</Filter>
    </ClCompile>
    <ClCompile Include="..\Classes\gafPlayer\GAFFilterData.cpp">
      <Filter>Classes\gafPlayer</Filter>
    </ClCompile>
    <ClCompile Include="..\Classes\gafPlayer\GAFFilterManager.cpp">
      <Filter>Classes\gafPlayer</Filter>
    </ClCompile>
    <ClCompile Include="..\Classes\gafPlayer\GAFLoader.cpp">
      <Filter>Classes\gafPlayer</Filter>
    </ClCompile>
    <ClCompile Include="..\Classes\gafPlayer\GAFMask.cpp">
      <Filter>Classes\gafPlayer</Filter>
    </ClCompile>
    <ClCompile Include="..\Classes\gafPlayer\GAFMovieClip.cpp">
      <Filter>Classes\gafPlayer</Filter>
    </ClCompile>
    <ClCompile Include="..\Classes\gafPlayer\GAFObject.cpp">
      <Filter>Classes\gafPlayer</Filter>
    </ClCompile>
    <ClCompile Include="..\Classes\gafPlayer\GAFPrecompiled.cpp">
      <Filter>Classes\gafPlayer</Filter>
    </ClCompile>
    <ClCompile Include="..\Classes\gafPlayer\GAFQuadCommand.cpp">
      <Filter>Classes\gafPlayer</Filter>
    </ClCompile>
    <ClCompile Include="..\Classes\gafPlayer\GAFShaderManager.cpp">
      <Filter>Classes\gafPlayer</Filter>
    </ClCompile>
    <ClCompile Include="..\Classes\gafPlayer\GAFSoundInfo.cpp">
      <Filter>Classes\gafPlayer</Filter>
    </ClCompile>
    <ClCompile Include="..\Classes\gafPlayer\GAFSprite.cpp">
      <Filter>Classes\gafPlayer</Filter>
    </ClCompile>
    <ClCompile Include="..\Classes\gafPlayer\GAFStream.cpp">
      <Filter>Classes\gafPlayer</Filter>
    </ClCompile>
    <ClCompile Include="..\Classes\gafPlayer\GAFSubobjectState.cpp">
      <Filter>Classes\gafPlayer</Filter>
    </ClCompile>
    <ClCompile Include="..\Classes\gafPlayer\GAFTextData.cpp">
      <Filter>Classes\gafPlayer</Filter>
    </ClCompile>
    <ClCompile Include="..\Classes\gafPlayer\GAFTextField.cpp">
      <Filter>Classes\gafPlayer</Filter>
    </ClCompile>
    <ClCompile Include="..\Classes\gafPlayer\GAFTextureAtlas.cpp">
      <Filter>Classes\gafPlayer</Filter>
    </ClCompile>
    <ClCompile Include="..\Classes\gafPlayer\GAFTextureAtlasElement.cpp">
      <Filter>Classes\gafPlayer</Filter>
    </ClCompile>
    <ClCompile Include="..\Classes\gafPlayer\GAFTimeline.cpp">
      <Filter>Classes\gafPlayer</Filter>
    </ClCompile>
    <ClCompile Include="..\Classes\gafPlayer\GAFTimelineAction.cpp">
      <Filter>Classes\gafPlayer</Filter>
    </ClCompile>
    <ClCompile Include="..\Classes\gafPlayer\PrimitiveDeserializer.cpp">
      <Filter>Classes\gafPlayer</Filter>
    </ClCompile>
    <ClCompile Include="..\Classes\gafPlayer\TagDefineAnimationFrames.cpp">
      <Filter>Classes\gafPlayer</Filter>
    </ClCompile>
    <ClCompile Include="..\Classes\gafPlayer\TagDefineAnimationFrames2.cpp">
      <Filter>Classes\gafPlayer</Filter>
    </ClCompile>
    <ClCompile Include="..\Classes\gafPlayer\TagDefineAnimationMasks.cpp">
      <Filter>Classes\gafPlayer</Filter>
    </ClCompile>
    <ClCompile Include="..\Classes\gafPlayer\TagDefineAnimationObjects.cpp">
      <Filter>Classes\gafPlayer</Filter>
    </ClCompile>
    <ClCompile Include="..\Classes\gafPlayer\TagDefineAtlas.cpp">
      <Filter>Classes\gafPlayer</Filter>
    </ClCompile>
    <ClCompile Include="..\Classes\gafPlayer\TagDefineAtlas3.cpp">
      <Filter>Classes\gafPlayer</Filter>
    </ClCompile>
    <ClCompile Include="..\Classes\gafPlayer\TagDefineNamedParts.cpp">
      <Filter>Classes\gafPlayer</Filter>
    </ClCompile>
    <ClCompile Include="..\Classes\gafPlayer\TagDefineSequences.cpp">
      <Filter>Classes\gafPlayer</Filter>
    </ClCompile>
    <ClCompile Include="..\Classes\gafPlayer\TagDefineSounds.cpp">
      <Filter>Classes\gafPlayer</Filter>
    </ClCompile>
    <ClCompile Include="..\Classes\gafPlayer\TagDefineStage.cpp">
      <Filter>Classes\gafPlayer</Filter>
    </ClCompile>
    <ClCompile Include="..\Classes\gafPlayer\TagDefineTextField.cpp">
      <Filter>Classes\gafPlayer</Filter>
    </ClCompile>
    <ClCompile Include="..\Classes\gafPlayer\luaBindings\lua_gaf.cpp">
      <Filter>Classes\gafPlayer\luaBindings</Filter>
    </ClCompile>
    <ClCompile Include="..\Classes\gafPlayer\luaBindings\lua_gaf_main.cpp">
      <Filter>Classes\gafPlayer\luaBindings</Filter>
    </ClCompile>
  </ItemGroup>
  <ItemGroup>
    <ResourceCompile Include="game.rc">
      <Filter>resource</Filter>
    </ResourceCompile>
  </ItemGroup>
  <ItemGroup>
    <Image Include="res\game.ico" />
  </ItemGroup>
  <ItemGroup>
    <None Include="..\Classes\gafPlayer\Doxyfile">
      <Filter>Classes\gafPlayer</Filter>
    </None>
    <None Include="..\Classes\gafPlayer\GAFPlayer-Prefix.pch">
      <Filter>Classes\gafPlayer</Filter>
    </None>
    <None Include="..\Classes\gafPlayer\mainpage.dox">
      <Filter>Classes\gafPlayer</Filter>
    </None>
    <None Include="..\Classes\gafPlayer\Shaders\pcShader_PositionTextureAlpha_frag.frag">
      <Filter>Classes\gafPlayer\Shaders</Filter>
    </None>
    <None Include="..\Classes\gafPlayer\Shaders\GaussianBlurFragmentShader.frag">
      <Filter>Classes\gafPlayer\Shaders</Filter>
    </None>
    <None Include="..\Classes\gafPlayer\Shaders\GlowFragmentShader.frag">
      <Filter>Classes\gafPlayer\Shaders</Filter>
    </None>
    <None Include="..\Classes\gafPlayer\luaBindings\api\lua_gaf_api.lua">
      <Filter>Classes\gafPlayer\luaBindings\api</Filter>
    </None>
    <None Include="..\Classes\gafPlayer\luaBindings\api\GAFAnimationSequence.lua">
      <Filter>Classes\gafPlayer\luaBindings\api</Filter>
    </None>
    <None Include="..\Classes\gafPlayer\luaBindings\api\GAFAsset.lua">
      <Filter>Classes\gafPlayer\luaBindings\api</Filter>
    </None>
    <None Include="..\Classes\gafPlayer\luaBindings\api\GAFAssetTextureManager.lua">
      <Filter>Classes\gafPlayer\luaBindings\api</Filter>
    </None>
    <None Include="..\Classes\gafPlayer\luaBindings\api\GAFMovieClip.lua">
      <Filter>Classes\gafPlayer\luaBindings\api</Filter>
    </None>
    <None Include="..\Classes\gafPlayer\luaBindings\api\GAFObject.lua">
      <Filter>Classes\gafPlayer\luaBindings\api</Filter>
    </None>
    <None Include="..\Classes\gafPlayer\luaBindings\api\GAFSprite.lua">
      <Filter>Classes\gafPlayer\luaBindings\api</Filter>
    </None>
  </ItemGroup>
</Project>